<?xml version="1.0" encoding="utf-8"?>
<Project ToolsVersion="4.0" xmlns="http://schemas.microsoft.com/developer/msbuild/2003">
  <ItemGroup>
    <Filter Include="Editor">
      <UniqueIdentifier>{bc328cdd-4323-4eee-bfe3-920fe925ff6a}</UniqueIdentifier>
    </Filter>
    <Filter Include="EditorCommand">
      <UniqueIdentifier>{c4d005b4-8a25-4962-ba35-bbfce7681f29}</UniqueIdentifier>
    </Filter>
    <Filter Include="Commands">
      <UniqueIdentifier>{2ecf2109-4f5a-4668-9141-061d6f8bb3fe}</UniqueIdentifier>
    </Filter>
    <Filter Include="Point">
      <UniqueIdentifier>{8c626784-6387-4785-a96c-a8961148888a}</UniqueIdentifier>
    </Filter>
    <Filter Include="InstaEditor">
      <UniqueIdentifier>{fa97be82-0cde-4ae4-bca0-d8d6ff3b02b1}</UniqueIdentifier>
    </Filter>
    <Filter Include="Mouse">
      <UniqueIdentifier>{5b379e5c-cf1f-4405-ad14-f302ce21b9f6}</UniqueIdentifier>
    </Filter>
    <Filter Include="TrackBar">
      <UniqueIdentifier>{b933a38c-557e-4701-85da-336312cf8df0}</UniqueIdentifier>
    </Filter>
    <Filter Include="Commands\FiltersCmds">
      <UniqueIdentifier>{b0f53bf7-7f63-4012-a0b6-660af5ca1a3d}</UniqueIdentifier>
    </Filter>
    <Filter Include="DoubleIsEqual">
      <UniqueIdentifier>{39953411-a74f-4bdc-86e0-4a7d07975afc}</UniqueIdentifier>
    </Filter>
    <Filter Include="Commands\ResizeCmd">
      <UniqueIdentifier>{375e71bc-69b9-4a52-958d-51e47707aabb}</UniqueIdentifier>
    </Filter>
    <Filter Include="Commands\ResizeCmd\ResizeMethods">
      <UniqueIdentifier>{dde59943-2e66-42e0-87e5-eb7a7860b110}</UniqueIdentifier>
    </Filter>
  </ItemGroup>
  <ItemGroup>
    <ClInclude Include="Editor.h">
      <Filter>Editor</Filter>
    </ClInclude>
    <ClInclude Include="EditorCommand.h">
      <Filter>EditorCommand</Filter>
    </ClInclude>
    <ClInclude Include="Point.h">
      <Filter>Point</Filter>
    </ClInclude>
    <ClInclude Include="InstaEditor.h">
      <Filter>InstaEditor</Filter>
    </ClInclude>
    <ClInclude Include="Mouse.h">
      <Filter>Mouse</Filter>
    </ClInclude>
    <ClInclude Include="TrackBar.h">
      <Filter>TrackBar</Filter>
    </ClInclude>
    <ClInclude Include="DoubleIsEqual.h">
      <Filter>DoubleIsEqual</Filter>
    </ClInclude>
    <ClInclude Include="Resize.h">
      <Filter>Commands\ResizeCmd\ResizeMethods</Filter>
    </ClInclude>
    <ClInclude Include="ImageTransformer.h" />
    <ClInclude Include="ResizeCmd.h">
      <Filter>Commands\ResizeCmd</Filter>
    </ClInclude>
    <ClInclude Include="ImageCropper.h" />
  </ItemGroup>
  <ItemGroup>
    <ClCompile Include="Editor.cpp">
      <Filter>Editor</Filter>
    </ClCompile>
    <ClCompile Include="EditorCommand.cpp">
      <Filter>EditorCommand</Filter>
    </ClCompile>
    <ClCompile Include="Point.cpp">
      <Filter>Point</Filter>
    </ClCompile>
    <ClCompile Include="InstaEditor.cpp">
      <Filter>InstaEditor</Filter>
    </ClCompile>
    <ClCompile Include="Mouse.cpp">
      <Filter>Mouse</Filter>
    </ClCompile>
    <ClCompile Include="TrackBar.cpp">
      <Filter>TrackBar</Filter>
    </ClCompile>
    <ClCompile Include="main.cpp" />
    <ClCompile Include="DoubleIsEqual.cpp">
      <Filter>DoubleIsEqual</Filter>
    </ClCompile>
    <ClCompile Include="Resize.cpp">
      <Filter>Commands\ResizeCmd\ResizeMethods</Filter>
    </ClCompile>
    <ClCompile Include="ImageTransformer.cpp" />
    <ClCompile Include="ResizeCmd.cpp">
      <Filter>Commands\ResizeCmd</Filter>
    </ClCompile>
    <ClCompile Include="ImageCropper.cpp" />
  </ItemGroup>
</Project>